
Microsoft Visual Studio Solution File, Format Version 12.00
# Visual Studio Version 17
VisualStudioVersion = 17.7.34202.233
MinimumVisualStudioVersion = 10.0.40219.1
Project("{FAE04EC0-301F-11D3-BF4B-00C04F79EFBC}") = "ConsoleApp2", "ConsoleApp2\ConsoleApp2.csproj", "{167654AC-AD9C-4FA0-A972-6548F17688D9}"
EndProject
Global
	GlobalSection(SolutionConfigurationPlatforms) = preSolution
		Debug|Any CPU = Debug|Any CPU
		Release|Any CPU = Release|Any CPU
	EndGlobalSection
	GlobalSection(ProjectConfigurationPlatforms) = postSolution
		{167654AC-AD9C-4FA0-A972-6548F17688D9}.Debug|Any CPU.ActiveCfg = Debug|Any CPU
		{167654AC-AD9C-4FA0-A972-6548F17688D9}.Debug|Any CPU.Build.0 = Debug|Any CPU
		{167654AC-AD9C-4FA0-A972-6548F17688D9}.Release|Any CPU.ActiveCfg = Release|Any CPU
		{167654AC-AD9C-4FA0-A972-6548F17688D9}.Release|Any CPU.Build.0 = Release|Any CPU
	EndGlobalSection
	GlobalSection(SolutionProperties) = preSolution
		HideSolutionNode = FALSE
	EndGlobalSection
	GlobalSection(ExtensibilityGlobals) = postSolution
		SolutionGuid = {B18D791A-3729-46C6-B93B-21B3B0828D05}
	EndGlobalSection
EndGlobal
